
Microsoft Visual Studio Solution File, Format Version 12.00
# Visual Studio Version 16
VisualStudioVersion = 16.0.29709.97
MinimumVisualStudioVersion = 10.0.40219.1
Project("{FAE04EC0-301F-11D3-BF4B-00C04F79EFBC}") = "ExceptionHandling", "ExceptionHandling\ExceptionHandling.csproj", "{A7FD670A-956B-4687-B63F-356D6901E999}"
EndProject
Global
	GlobalSection(SolutionConfigurationPlatforms) = preSolution
		Debug|Any CPU = Debug|Any CPU
		Release|Any CPU = Release|Any CPU
	EndGlobalSection
	GlobalSection(ProjectConfigurationPlatforms) = postSolution
		{A7FD670A-956B-4687-B63F-356D6901E999}.Debug|Any CPU.ActiveCfg = Debug|Any CPU
		{A7FD670A-956B-4687-B63F-356D6901E999}.Debug|Any CPU.Build.0 = Debug|Any CPU
		{A7FD670A-956B-4687-B63F-356D6901E999}.Release|Any CPU.ActiveCfg = Release|Any CPU
		{A7FD670A-956B-4687-B63F-356D6901E999}.Release|Any CPU.Build.0 = Release|Any CPU
	EndGlobalSection
	GlobalSection(SolutionProperties) = preSolution
		HideSolutionNode = FALSE
	EndGlobalSection
	GlobalSection(ExtensibilityGlobals) = postSolution
		SolutionGuid = {3A17B081-E3FF-4A3F-A35E-63002DB194CD}
	EndGlobalSection
EndGlobal
